{
  "name": "@webhandle/image-input",
  "version": "1.0.0",
  "lockfileVersion": 3,
  "requires": true,
  "packages": {
    "": {
      "name": "@webhandle/image-input",
      "version": "1.0.0",
      "license": "ISC",
      "dependencies": {
        "@webhandle/backbone-view": "^1.0.4",
        "@webhandle/dialog": "^1.0.3",
        "@webhandle/initialize-webhandle-component": "^1.0.2",
        "@webhandle/material-icons": "^1.0.1",
        "@webhandle/tree-file-browser": "^2.0.2"
      }
    },
    "node_modules/@dankolz/escape-html-attribute-value": {
      "version": "1.0.0",
      "resolved": "https://registry.npmjs.org/@dankolz/escape-html-attribute-value/-/escape-html-attribute-value-1.0.0.tgz",
      "integrity": "sha512-2W6H+NvWIKK7tkd6gesn3jUEHtvBIduv5uHFvUiu8ILmc6aF7p5g4QCl8e7HnlB2UwU/45wMBkqNVCUKw+XF5A==",
      "license": "ISC"
    },
    "node_modules/@dankolz/webp-detection": {
      "version": "1.0.17",
      "resolved": "https://registry.npmjs.org/@dankolz/webp-detection/-/webp-detection-1.0.17.tgz",
      "integrity": "sha512-KCROIrttenLTNaBBmcNsv+W5L4GPFSc5xGKu9UdG7PTI5o46adYVBFUFNP8pwDc6gsapSL3Yz1riXi+2q1M8kw==",
      "license": "ISC",
      "dependencies": {
        "@dankolz/escape-html-attribute-value": "^1.0.0",
        "minimist": "^1.2.5"
      },
      "bin": {
        "gen-image-pictures-and-styles": "tools/gen-image-pictures-and-styles.js",
        "gen-image-pictures-and-styles-scss": "tools/gen-image-pictures-and-styles-scss.js"
      }
    },
    "node_modules/@webhandle/backbone-view": {
      "version": "1.0.4",
      "resolved": "https://registry.npmjs.org/@webhandle/backbone-view/-/backbone-view-1.0.4.tgz",
      "integrity": "sha512-iUbnpCEEkEbGHWP48IeKjW29Xym6eXRtYPe0tnxjrOx6AwjbD962MHLiKYyDeFyngzdWiLMqOpOH3dQe0qxMnA==",
      "license": "ISC",
      "dependencies": {
        "@webhandle/initialize-webhandle-component": "^1.0.1"
      }
    },
    "node_modules/@webhandle/dialog": {
      "version": "1.0.3",
      "resolved": "https://registry.npmjs.org/@webhandle/dialog/-/dialog-1.0.3.tgz",
      "integrity": "sha512-2j9zSGXXAj7nTd6HdPDJ1qqmZmYIRahyxPBkVU/MFYsxFYszF80Vy2Ho1+W3b9kZcYRjmXs7DEpVctjtNsEF1Q==",
      "license": "ISC",
      "dependencies": {
        "@webhandle/backbone-view": "^1.0.4",
        "@webhandle/gather-form-data": "^1.0.0",
        "@webhandle/initialize-webhandle-component": "^1.0.2",
        "form-value-injector": "^1.0.6"
      }
    },
    "node_modules/@webhandle/gather-form-data": {
      "version": "1.0.0",
      "resolved": "https://registry.npmjs.org/@webhandle/gather-form-data/-/gather-form-data-1.0.0.tgz",
      "integrity": "sha512-+GdqbxGDoVYSEPg7tI/KtNfEoMgQA/LnrU+LPcK/LPSmafBa9RA6KMBzO4ktS1QpvkNfz7yxmLrrs+EKEsF8QA==",
      "license": "ISC"
    },
    "node_modules/@webhandle/initialize-webhandle-component": {
      "version": "1.0.2",
      "resolved": "https://registry.npmjs.org/@webhandle/initialize-webhandle-component/-/initialize-webhandle-component-1.0.2.tgz",
      "integrity": "sha512-oVwhzzXgCvntLzwMgIsgueujicMc72YLXHTV6ZPI5iz8G6APi1K38ECgZE523Ul4Oghep1uiSsyWR4zRQGBe9w==",
      "license": "ISC",
      "bin": {
        "create-initialize-webhandle-component-file": "create-initialize-webhandle-component-file.mjs"
      }
    },
    "node_modules/@webhandle/material-icons": {
      "version": "1.0.1",
      "resolved": "https://registry.npmjs.org/@webhandle/material-icons/-/material-icons-1.0.1.tgz",
      "integrity": "sha512-twnf6Ai24Oz78BaesWNri5QaDSL4DwJDUeDE8vQFBCfSf7GbM7hpOW/W1N7z+0v7OTRRIhGj/R4qe5zhFyJNeA==",
      "license": "ISC",
      "dependencies": {
        "@webhandle/initialize-webhandle-component": "^1.0.2"
      }
    },
    "node_modules/@webhandle/minimal-browser-event-emitter": {
      "version": "1.0.4",
      "resolved": "https://registry.npmjs.org/@webhandle/minimal-browser-event-emitter/-/minimal-browser-event-emitter-1.0.4.tgz",
      "integrity": "sha512-cH0puifJU0rBy7YI3Rh0akC//PKGLV45d+x9fpjVbJV9bKLyrFzKJp5Y0CswjlQFo4AXTdbpmdnCGpLgaI1i+Q==",
      "license": "ISC"
    },
    "node_modules/@webhandle/tree-file-browser": {
      "version": "2.0.2",
      "resolved": "https://registry.npmjs.org/@webhandle/tree-file-browser/-/tree-file-browser-2.0.2.tgz",
      "integrity": "sha512-Kq8aasRL8SpGH2vowXafbIvhdzFxcNXTuD0781LboeWPmvMAfeQxIUFRIeCk/ttS2UQzmoyGtNOzzauBFVPafg==",
      "license": "ISC",
      "dependencies": {
        "@dankolz/escape-html-attribute-value": "^1.0.0",
        "@dankolz/webp-detection": "^1.0.14",
        "@webhandle/backbone-view": "^1.0.1",
        "@webhandle/dialog": "^1.0.1",
        "@webhandle/initialize-webhandle-component": "^1.0.2",
        "@webhandle/material-icons": "^1.0.1",
        "@webhandle/minimal-browser-event-emitter": "^1.0.2",
        "ei-form-styles-1": "^1.0.4",
        "kalpa-tree-on-page": "^1.0.5"
      }
    },
    "node_modules/ei-form-styles-1": {
      "version": "1.0.4",
      "resolved": "https://registry.npmjs.org/ei-form-styles-1/-/ei-form-styles-1-1.0.4.tgz",
      "integrity": "sha512-070kklmgQyXO/QaC9y3z69tVgWQYupXwg+kJvPLaMsed8moGKloVLAy/R7WTi0Z0b21NfDFXaKf+iEzBFBlxDA==",
      "license": "ISC",
      "dependencies": {
        "@webhandle/initialize-webhandle-component": "^1.0.2"
      }
    },
    "node_modules/form-value-injector": {
      "version": "1.0.6",
      "resolved": "https://registry.npmjs.org/form-value-injector/-/form-value-injector-1.0.6.tgz",
      "integrity": "sha512-o+7cby937KgtHuzO+o/MQKxzNloni23vTbLxUr/Y9xUKIVttBu7oY3tg40msPAN1h4HvjCVJA+94LhESB58fUQ==",
      "license": "ISC",
      "dependencies": {
        "input-value-injector": "^1.0.5",
        "select-value-injector": "^1.0.1",
        "textarea-value-injector": "^1.0.1"
      }
    },
    "node_modules/input-value-injector": {
      "version": "1.0.13",
      "resolved": "https://registry.npmjs.org/input-value-injector/-/input-value-injector-1.0.13.tgz",
      "integrity": "sha512-hlGtfgwY9+c6Dt4TRSGC36TP2OK7slor58/cteNxw+k+XbCCG2xrKjGNK41KewclWxujHnmsaa75UD8ude/ivg==",
      "license": "ISC",
      "dependencies": {
        "value-injector-common": "^1.0.0"
      }
    },
    "node_modules/kalpa-tree-on-page": {
      "version": "1.0.5",
      "resolved": "https://registry.npmjs.org/kalpa-tree-on-page/-/kalpa-tree-on-page-1.0.5.tgz",
      "integrity": "sha512-kjS5tIV1pLl81zPbPim6HbOV7x3TUjnJf4T4+gSHcGw27LnU4dpMzzXVA2dfj+zYJ+rVVajaL0QsszLqGAsHzg==",
      "license": "ISC",
      "dependencies": {
        "@webhandle/backbone-view": "^1.0.4",
        "@webhandle/initialize-webhandle-component": "^1.0.2",
        "@webhandle/minimal-browser-event-emitter": "^1.0.4"
      }
    },
    "node_modules/minimist": {
      "version": "1.2.8",
      "resolved": "https://registry.npmjs.org/minimist/-/minimist-1.2.8.tgz",
      "integrity": "sha512-2yyAR8qBkN3YuheJanUpWC5U3bb5osDywNB8RzDVlDwDHbocAJveqqj1u8+SVD7jkWT4yvsHCpWqqWqAxb0zCA==",
      "license": "MIT",
      "funding": {
        "url": "https://github.com/sponsors/ljharb"
      }
    },
    "node_modules/select-value-injector": {
      "version": "1.0.4",
      "resolved": "https://registry.npmjs.org/select-value-injector/-/select-value-injector-1.0.4.tgz",
      "integrity": "sha512-CMEiP1vBSON5j1VImRl/v97Gh2o6vVv/pvopySA8PxceZDVznoNB3aG5p10qdAhLAtUwSJHdU4EiaL5z2Vkqwg==",
      "license": "ISC",
      "dependencies": {
        "value-injector-common": "^1.0.0"
      }
    },
    "node_modules/textarea-value-injector": {
      "version": "1.0.4",
      "resolved": "https://registry.npmjs.org/textarea-value-injector/-/textarea-value-injector-1.0.4.tgz",
      "integrity": "sha512-5a3nMzZnpKFFY0bAOFbcCs62lRsE9/P86OFL4ewZPfoxQ7Poh2HUJawwlGQgq1C6G1I3CcyYwdmwnDqwVmw3sw==",
      "license": "ISC",
      "dependencies": {
        "value-injector-common": "^1.0.0"
      }
    },
    "node_modules/value-injector-common": {
      "version": "1.0.1",
      "resolved": "https://registry.npmjs.org/value-injector-common/-/value-injector-common-1.0.1.tgz",
      "integrity": "sha512-6QQmPR1ADuZvkv6+VxcifCNEsE7SEFH7CW2XciFjo8KjRA9bq/xEZLyGgAc4zRTILf4dUCt5Ew+u8uHKzH6pSg==",
      "license": "ISC"
    }
  }
}
